// !$*UTF8*$!
{
	archiveVersion = 1;
	classes = {
	};
	objectVersion = 56;
	objects = {

/* Begin PBXBuildFile section */
		CED0259A298786770025510C /* AppDelegate.swift in Sources */ = {isa = PBXBuildFile; fileRef = CED02599298786770025510C /* AppDelegate.swift */; };
		CED0259C298786770025510C /* SceneDelegate.swift in Sources */ = {isa = PBXBuildFile; fileRef = CED0259B298786770025510C /* SceneDelegate.swift */; };
		CED0259E298786770025510C /* ViewController.swift in Sources */ = {isa = PBXBuildFile; fileRef = CED0259D298786770025510C /* ViewController.swift */; };
		CED025A1298786770025510C /* Main.storyboard in Resources */ = {isa = PBXBuildFile; fileRef = CED0259F298786770025510C /* Main.storyboard */; };
		CED025A3298786790025510C /* Assets.xcassets in Resources */ = {isa = PBXBuildFile; fileRef = CED025A2298786790025510C /* Assets.xcassets */; };
		CED025A6298786790025510C /* LaunchScreen.storyboard in Resources */ = {isa = PBXBuildFile; fileRef = CED025A4298786790025510C /* LaunchScreen.storyboard */; };
		CED025AF298786B70025510C /* RxCocoa in Frameworks */ = {isa = PBXBuildFile; productRef = CED025AE298786B70025510C /* RxCocoa */; };
		CED025B1298786B70025510C /* RxRelay in Frameworks */ = {isa = PBXBuildFile; productRef = CED025B0298786B70025510C /* RxRelay */; };
		CED025B3298786B70025510C /* RxSwift in Frameworks */ = {isa = PBXBuildFile; productRef = CED025B2298786B70025510C /* RxSwift */; };
		CED025B6298786CF0025510C /* SnapKit in Frameworks */ = {isa = PBXBuildFile; productRef = CED025B5298786CF0025510C /* SnapKit */; };
/* End PBXBuildFile section */

/* Begin PBXFileReference section */
		CED02596298786770025510C /* PostingView.app */ = {isa = PBXFileReference; explicitFileType = wrapper.application; includeInIndex = 0; path = PostingView.app; sourceTree = BUILT_PRODUCTS_DIR; };
		CED02599298786770025510C /* AppDelegate.swift */ = {isa = PBXFileReference; lastKnownFileType = sourcecode.swift; path = AppDelegate.swift; sourceTree = "<group>"; };
		CED0259B298786770025510C /* SceneDelegate.swift */ = {isa = PBXFileReference; lastKnownFileType = sourcecode.swift; path = SceneDelegate.swift; sourceTree = "<group>"; };
		CED0259D298786770025510C /* ViewController.swift */ = {isa = PBXFileReference; lastKnownFileType = sourcecode.swift; path = ViewController.swift; sourceTree = "<group>"; };
		CED025A0298786770025510C /* Base */ = {isa = PBXFileReference; lastKnownFileType = file.storyboard; name = Base; path = Base.lproj/Main.storyboard; sourceTree = "<group>"; };
		CED025A2298786790025510C /* Assets.xcassets */ = {isa = PBXFileReference; lastKnownFileType = folder.assetcatalog; path = Assets.xcassets; sourceTree = "<group>"; };
		CED025A5298786790025510C /* Base */ = {isa = PBXFileReference; lastKnownFileType = file.storyboard; name = Base; path = Base.lproj/LaunchScreen.storyboard; sourceTree = "<group>"; };
		CED025A7298786790025510C /* Info.plist */ = {isa = PBXFileReference; lastKnownFileType = text.plist.xml; path = Info.plist; sourceTree = "<group>"; };
/* End PBXFileReference section */

/* Begin PBXFrameworksBuildPhase section */
		CED02593298786770025510C /* Frameworks */ = {
			isa = PBXFrameworksBuildPhase;
			buildActionMask = 2147483647;
			files = (
				CED025B3298786B70025510C /* RxSwift in Frameworks */,
				CED025B6298786CF0025510C /* SnapKit in Frameworks */,
				CED025B1298786B70025510C /* RxRelay in Frameworks */,
				CED025AF298786B70025510C /* RxCocoa in Frameworks */,
			);
			runOnlyForDeploymentPostprocessing = 0;
		};
/* End PBXFrameworksBuildPhase section */

/* Begin PBXGroup section */
		CED0258D298786770025510C = {
			isa = PBXGroup;
			children = (
				CED02598298786770025510C /* PostingView */,
				CED02597298786770025510C /* Products */,
			);
			sourceTree = "<group>";
		};
		CED02597298786770025510C /* Products */ = {
			isa = PBXGroup;
			children = (
				CED02596298786770025510C /* PostingView.app */,
			);
			name = Products;
			sourceTree = "<group>";
		};
		CED02598298786770025510C /* PostingView */ = {
			isa = PBXGroup;
			children = (
				CED02599298786770025510C /* AppDelegate.swift */,
				CED0259B298786770025510C /* SceneDelegate.swift */,
				CED0259D298786770025510C /* ViewController.swift */,
				CED0259F298786770025510C /* Main.storyboard */,
				CED025A2298786790025510C /* Assets.xcassets */,
				CED025A4298786790025510C /* LaunchScreen.storyboard */,
				CED025A7298786790025510C /* Info.plist */,
			);
			path = PostingView;
			sourceTree = "<group>";
		};
/* End PBXGroup section */

/* Begin PBXNativeTarget section */
		CED02595298786770025510C /* PostingView */ = {
			isa = PBXNativeTarget;
			buildConfigurationList = CED025AA298786790025510C /* Build configuration list for PBXNativeTarget "PostingView" */;
			buildPhases = (
				CED02592298786770025510C /* Sources */,
				CED02593298786770025510C /* Frameworks */,
				CED02594298786770025510C /* Resources */,
			);
			buildRules = (
			);
			dependencies = (
			);
			name = PostingView;
			packageProductDependencies = (
				CED025AE298786B70025510C /* RxCocoa */,
				CED025B0298786B70025510C /* RxRelay */,
				CED025B2298786B70025510C /* RxSwift */,
				CED025B5298786CF0025510C /* SnapKit */,
			);
			productName = PostingView;
			productReference = CED02596298786770025510C /* PostingView.app */;
			productType = "com.apple.product-type.application";
		};
/* End PBXNativeTarget section */

/* Begin PBXProject section */
		CED0258E298786770025510C /* Project object */ = {
			isa = PBXProject;
			attributes = {
				BuildIndependentTargetsInParallel = 1;
				LastSwiftUpdateCheck = 1400;
				LastUpgradeCheck = 1400;
				TargetAttributes = {
					CED02595298786770025510C = {
						CreatedOnToolsVersion = 14.0;
					};
				};
			};
			buildConfigurationList = CED02591298786770025510C /* Build configuration list for PBXProject "PostingView" */;
			compatibilityVersion = "Xcode 14.0";
			developmentRegion = en;
			hasScannedForEncodings = 0;
			knownRegions = (
				en,
				Base,
			);
			mainGroup = CED0258D298786770025510C;
			packageReferences = (
				CED025AD298786B70025510C /* XCRemoteSwiftPackageReference "RxSwift" */,
				CED025B4298786CF0025510C /* XCRemoteSwiftPackageReference "SnapKit" */,
			);
			productRefGroup = CED02597298786770025510C /* Products */;
			projectDirPath = "";
			projectRoot = "";
			targets = (
				CED02595298786770025510C /* PostingView */,
			);
		};
/* End PBXProject section */

/* Begin PBXResourcesBuildPhase section */
		CED02594298786770025510C /* Resources */ = {
			isa = PBXResourcesBuildPhase;
			buildActionMask = 2147483647;
			files = (
				CED025A6298786790025510C /* LaunchScreen.storyboard in Resources */,
				CED025A3298786790025510C /* Assets.xcassets in Resources */,
				CED025A1298786770025510C /* Main.storyboard in Resources */,
			);
			runOnlyForDeploymentPostprocessing = 0;
		};
/* End PBXResourcesBuildPhase section */

/* Begin PBXSourcesBuildPhase section */
		CED02592298786770025510C /* Sources */ = {
			isa = PBXSourcesBuildPhase;
			buildActionMask = 2147483647;
			files = (
				CED0259E298786770025510C /* ViewController.swift in Sources */,
				CED0259A298786770025510C /* AppDelegate.swift in Sources */,
				CED0259C298786770025510C /* SceneDelegate.swift in Sources */,
			);
			runOnlyForDeploymentPostprocessing = 0;
		};
/* End PBXSourcesBuildPhase section */

/* Begin PBXVariantGroup section */
		CED0259F298786770025510C /* Main.storyboard */ = {
			isa = PBXVariantGroup;
			children = (
				CED025A0298786770025510C /* Base */,
			);
			name = Main.storyboard;
			sourceTree = "<group>";
		};
		CED025A4298786790025510C /* LaunchScreen.storyboard */ = {
			isa = PBXVariantGroup;
			children = (
				CED025A5298786790025510C /* Base */,
			);
			name = LaunchScreen.storyboard;
			sourceTree = "<group>";
		};
/* End PBXVariantGroup section */

/* Begin XCBuildConfiguration section */
		CED025A8298786790025510C /* Debug */ = {
			isa = XCBuildConfiguration;
			buildSettings = {
				ALWAYS_SEARCH_USER_PATHS = NO;
				CLANG_ANALYZER_NONNULL = YES;
				CLANG_ANALYZER_NUMBER_OBJECT_CONVERSION = YES_AGGRESSIVE;
				CLANG_CXX_LANGUAGE_STANDARD = "gnu++20";
				CLANG_ENABLE_MODULES = YES;
				CLANG_ENABLE_OBJC_ARC = YES;
				CLANG_ENABLE_OBJC_WEAK = YES;
				CLANG_WARN_BLOCK_CAPTURE_AUTORELEASING = YES;
				CLANG_WARN_BOOL_CONVERSION = YES;
				CLANG_WARN_COMMA = YES;
				CLANG_WARN_CONSTANT_CONVERSION = YES;
				CLANG_WARN_DEPRECATED_OBJC_IMPLEMENTATIONS = YES;
				CLANG_WARN_DIRECT_OBJC_ISA_USAGE = YES_ERROR;
				CLANG_WARN_DOCUMENTATION_COMMENTS = YES;
				CLANG_WARN_EMPTY_BODY = YES;
				CLANG_WARN_ENUM_CONVERSION = YES;
				CLANG_WARN_INFINITE_RECURSION = YES;
				CLANG_WARN_INT_CONVERSION = YES;
				CLANG_WARN_NON_LITERAL_NULL_CONVERSION = YES;
				CLANG_WARN_OBJC_IMPLICIT_RETAIN_SELF = YES;
				CLANG_WARN_OBJC_LITERAL_CONVERSION = YES;
				CLANG_WARN_OBJC_ROOT_CLASS = YES_ERROR;
				CLANG_WARN_QUOTED_INCLUDE_IN_FRAMEWORK_HEADER = YES;
				CLANG_WARN_RANGE_LOOP_ANALYSIS = YES;
				CLANG_WARN_STRICT_PROTOTYPES = YES;
				CLANG_WARN_SUSPICIOUS_MOVE = YES;
				CLANG_WARN_UNGUARDED_AVAILABILITY = YES_AGGRESSIVE;
				CLANG_WARN_UNREACHABLE_CODE = YES;
				CLANG_WARN__DUPLICATE_METHOD_MATCH = YES;
				COPY_PHASE_STRIP = NO;
				DEBUG_INFORMATION_FORMAT = dwarf;
				ENABLE_STRICT_OBJC_MSGSEND = YES;
				ENABLE_TESTABILITY = YES;
				GCC_C_LANGUAGE_STANDARD = gnu11;
				GCC_DYNAMIC_NO_PIC = NO;
				GCC_NO_COMMON_BLOCKS = YES;
				GCC_OPTIMIZATION_LEVEL = 0;
				GCC_PREPROCESSOR_DEFINITIONS = (
					"DEBUG=1",
					"$(inherited)",
				);
				GCC_WARN_64_TO_32_BIT_CONVERSION = YES;
				GCC_WARN_ABOUT_RETURN_TYPE = YES_ERROR;
				GCC_WARN_UNDECLARED_SELECTOR = YES;
				GCC_WARN_UNINITIALIZED_AUTOS = YES_AGGRESSIVE;
				GCC_WARN_UNUSED_FUNCTION = YES;
				GCC_WARN_UNUSED_VARIABLE = YES;
				IPHONEOS_DEPLOYMENT_TARGET = 16.0;
				MTL_ENABLE_DEBUG_INFO = INCLUDE_SOURCE;
				MTL_FAST_MATH = YES;
				ONLY_ACTIVE_ARCH = YES;
				SDKROOT = iphoneos;
				SWIFT_ACTIVE_COMPILATION_CONDITIONS = DEBUG;
				SWIFT_OPTIMIZATION_LEVEL = "-Onone";
			};
			name = Debug;
		};
		CED025A9298786790025510C /* Release */ = {
			isa = XCBuildConfiguration;
			buildSettings = {
				ALWAYS_SEARCH_USER_PATHS = NO;
				CLANG_ANALYZER_NONNULL = YES;
				CLANG_ANALYZER_NUMBER_OBJECT_CONVERSION = YES_AGGRESSIVE;
				CLANG_CXX_LANGUAGE_STANDARD = "gnu++20";
				CLANG_ENABLE_MODULES = YES;
				CLANG_ENABLE_OBJC_ARC = YES;
				CLANG_ENABLE_OBJC_WEAK = YES;
				CLANG_WARN_BLOCK_CAPTURE_AUTORELEASING = YES;
				CLANG_WARN_BOOL_CONVERSION = YES;
				CLANG_WARN_COMMA = YES;
				CLANG_WARN_CONSTANT_CONVERSION = YES;
				CLANG_WARN_DEPRECATED_OBJC_IMPLEMENTATIONS = YES;
				CLANG_WARN_DIRECT_OBJC_ISA_USAGE = YES_ERROR;
				CLANG_WARN_DOCUMENTATION_COMMENTS = YES;
				CLANG_WARN_EMPTY_BODY = YES;
				CLANG_WARN_ENUM_CONVERSION = YES;
				CLANG_WARN_INFINITE_RECURSION = YES;
				CLANG_WARN_INT_CONVERSION = YES;
				CLANG_WARN_NON_LITERAL_NULL_CONVERSION = YES;
				CLANG_WARN_OBJC_IMPLICIT_RETAIN_SELF = YES;
				CLANG_WARN_OBJC_LITERAL_CONVERSION = YES;
				CLANG_WARN_OBJC_ROOT_CLASS = YES_ERROR;
				CLANG_WARN_QUOTED_INCLUDE_IN_FRAMEWORK_HEADER = YES;
				CLANG_WARN_RANGE_LOOP_ANALYSIS = YES;
				CLANG_WARN_STRICT_PROTOTYPES = YES;
				CLANG_WARN_SUSPICIOUS_MOVE = YES;
				CLANG_WARN_UNGUARDED_AVAILABILITY = YES_AGGRESSIVE;
				CLANG_WARN_UNREACHABLE_CODE = YES;
				CLANG_WARN__DUPLICATE_METHOD_MATCH = YES;
				COPY_PHASE_STRIP = NO;
				DEBUG_INFORMATION_FORMAT = "dwarf-with-dsym";
				ENABLE_NS_ASSERTIONS = NO;
				ENABLE_STRICT_OBJC_MSGSEND = YES;
				GCC_C_LANGUAGE_STANDARD = gnu11;
				GCC_NO_COMMON_BLOCKS = YES;
				GCC_WARN_64_TO_32_BIT_CONVERSION = YES;
				GCC_WARN_ABOUT_RETURN_TYPE = YES_ERROR;
				GCC_WARN_UNDECLARED_SELECTOR = YES;
				GCC_WARN_UNINITIALIZED_AUTOS = YES_AGGRESSIVE;
				GCC_WARN_UNUSED_FUNCTION = YES;
				GCC_WARN_UNUSED_VARIABLE = YES;
				IPHONEOS_DEPLOYMENT_TARGET = 16.0;
				MTL_ENABLE_DEBUG_INFO = NO;
				MTL_FAST_MATH = YES;
				SDKROOT = iphoneos;
				SWIFT_COMPILATION_MODE = wholemodule;
				SWIFT_OPTIMIZATION_LEVEL = "-O";
				VALIDATE_PRODUCT = YES;
			};
			name = Release;
		};
		CED025AB298786790025510C /* Debug */ = {
			isa = XCBuildConfiguration;
			buildSettings = {
				ASSETCATALOG_COMPILER_APPICON_NAME = AppIcon;
				ASSETCATALOG_COMPILER_GLOBAL_ACCENT_COLOR_NAME = AccentColor;
				CODE_SIGN_STYLE = Automatic;
				CURRENT_PROJECT_VERSION = 1;
				DEVELOPMENT_TEAM = C494SWBQZZ;
				GENERATE_INFOPLIST_FILE = YES;
				INFOPLIST_FILE = PostingView/Info.plist;
				INFOPLIST_KEY_UIApplicationSupportsIndirectInputEvents = YES;
				INFOPLIST_KEY_UILaunchStoryboardName = LaunchScreen;
				INFOPLIST_KEY_UIStatusBarStyle = "";
				INFOPLIST_KEY_UISupportedInterfaceOrientations_iPad = "UIInterfaceOrientationPortrait UIInterfaceOrientationPortraitUpsideDown UIInterfaceOrientationLandscapeLeft UIInterfaceOrientationLandscapeRight";
				INFOPLIST_KEY_UISupportedInterfaceOrientations_iPhone = "UIInterfaceOrientationPortrait UIInterfaceOrientationLandscapeLeft UIInterfaceOrientationLandscapeRight";
				LD_RUNPATH_SEARCH_PATHS = (
					"$(inherited)",
					"@executable_path/Frameworks",
				);
				MARKETING_VERSION = 1.0;
				PRODUCT_BUNDLE_IDENTIFIER = sh.PostingView;
				PRODUCT_NAME = "$(TARGET_NAME)";
				SWIFT_EMIT_LOC_STRINGS = YES;
				SWIFT_VERSION = 5.0;
				TARGETED_DEVICE_FAMILY = "1,2";
			};
			name = Debug;
		};
		CED025AC298786790025510C /* Release */ = {
			isa = XCBuildConfiguration;
			buildSettings = {
				ASSETCATALOG_COMPILER_APPICON_NAME = AppIcon;
				ASSETCATALOG_COMPILER_GLOBAL_ACCENT_COLOR_NAME = AccentColor;
				CODE_SIGN_STYLE = Automatic;
				CURRENT_PROJECT_VERSION = 1;
				DEVELOPMENT_TEAM = C494SWBQZZ;
				GENERATE_INFOPLIST_FILE = YES;
				INFOPLIST_FILE = PostingView/Info.plist;
				INFOPLIST_KEY_UIApplicationSupportsIndirectInputEvents = YES;
				INFOPLIST_KEY_UILaunchStoryboardName = LaunchScreen;
				INFOPLIST_KEY_UIStatusBarStyle = "";
				INFOPLIST_KEY_UISupportedInterfaceOrientations_iPad = "UIInterfaceOrientationPortrait UIInterfaceOrientationPortraitUpsideDown UIInterfaceOrientationLandscapeLeft UIInterfaceOrientationLandscapeRight";
				INFOPLIST_KEY_UISupportedInterfaceOrientations_iPhone = "UIInterfaceOrientationPortrait UIInterfaceOrientationLandscapeLeft UIInterfaceOrientationLandscapeRight";
				LD_RUNPATH_SEARCH_PATHS = (
					"$(inherited)",
					"@executable_path/Frameworks",
				);
				MARKETING_VERSION = 1.0;
				PRODUCT_BUNDLE_IDENTIFIER = sh.PostingView;
				PRODUCT_NAME = "$(TARGET_NAME)";
				SWIFT_EMIT_LOC_STRINGS = YES;
				SWIFT_VERSION = 5.0;
				TARGETED_DEVICE_FAMILY = "1,2";
			};
			name = Release;
		};
/* End XCBuildConfiguration section */

/* Begin XCConfigurationList section */
		CED02591298786770025510C /* Build configuration list for PBXProject "PostingView" */ = {
			isa = XCConfigurationList;
			buildConfigurations = (
				CED025A8298786790025510C /* Debug */,
				CED025A9298786790025510C /* Release */,
			);
			defaultConfigurationIsVisible = 0;
			defaultConfigurationName = Release;
		};
		CED025AA298786790025510C /* Build configuration list for PBXNativeTarget "PostingView" */ = {
			isa = XCConfigurationList;
			buildConfigurations = (
				CED025AB298786790025510C /* Debug */,
				CED025AC298786790025510C /* Release */,
			);
			defaultConfigurationIsVisible = 0;
			defaultConfigurationName = Release;
		};
/* End XCConfigurationList section */

/* Begin XCRemoteSwiftPackageReference section */
		CED025AD298786B70025510C /* XCRemoteSwiftPackageReference "RxSwift" */ = {
			isa = XCRemoteSwiftPackageReference;
			repositoryURL = "https://github.com/ReactiveX/RxSwift.git";
			requirement = {
				branch = main;
				kind = branch;
			};
		};
		CED025B4298786CF0025510C /* XCRemoteSwiftPackageReference "SnapKit" */ = {
			isa = XCRemoteSwiftPackageReference;
			repositoryURL = "https://github.com/SnapKit/SnapKit.git";
			requirement = {
				branch = develop;
				kind = branch;
			};
		};
/* End XCRemoteSwiftPackageReference section */

/* Begin XCSwiftPackageProductDependency section */
		CED025AE298786B70025510C /* RxCocoa */ = {
			isa = XCSwiftPackageProductDependency;
			package = CED025AD298786B70025510C /* XCRemoteSwiftPackageReference "RxSwift" */;
			productName = RxCocoa;
		};
		CED025B0298786B70025510C /* RxRelay */ = {
			isa = XCSwiftPackageProductDependency;
			package = CED025AD298786B70025510C /* XCRemoteSwiftPackageReference "RxSwift" */;
			productName = RxRelay;
		};
		CED025B2298786B70025510C /* RxSwift */ = {
			isa = XCSwiftPackageProductDependency;
			package = CED025AD298786B70025510C /* XCRemoteSwiftPackageReference "RxSwift" */;
			productName = RxSwift;
		};
		CED025B5298786CF0025510C /* SnapKit */ = {
			isa = XCSwiftPackageProductDependency;
			package = CED025B4298786CF0025510C /* XCRemoteSwiftPackageReference "SnapKit" */;
			productName = SnapKit;
		};
/* End XCSwiftPackageProductDependency section */
	};
	rootObject = CED0258E298786770025510C /* Project object */;
}
